github.com/achmad-aditiansah/slice-printer v1.0.2 h1:6EnIWLAC0yZ17jueLqP9BYB5pOZ+2TfFu/3nWIvUatM=
github.com/achmad-aditiansah/slice-printer v1.0.2/go.mod h1:rNTEPwO1N4iQgMw9TgMPZJvrfaCZDbtMzVWTfvIr4TA=
github.com/achmad-aditiansah/slice-printer v1.0.3 h1:KmlwCUCneP91jUFlnWSm3NcWfpy2iyg0EwF+urVFF+A=
github.com/achmad-aditiansah/slice-printer v1.0.3/go.mod h1:rNTEPwO1N4iQgMw9TgMPZJvrfaCZDbtMzVWTfvIr4TA=
